// !$*UTF8*$!
{
	archiveVersion = 1;
	classes = {
	};
	objectVersion = 46;
	objects = {

/* Begin PBXBuildFile section */
		511F35F913D5686300F7E748 /* attending_selected.png in Resources */ = {isa = PBXBuildFile; fileRef = 511F35ED13D5686300F7E748 /* attending_selected.png */; };
		511F35FA13D5686300F7E748 /* attending_selected@2x.png in Resources */ = {isa = PBXBuildFile; fileRef = 511F35EE13D5686300F7E748 /* attending_selected@2x.png */; };
		511F35FB13D5686300F7E748 /* attending.png in Resources */ = {isa = PBXBuildFile; fileRef = 511F35EF13D5686300F7E748 /* attending.png */; };
		511F35FC13D5686300F7E748 /* attending@2x.png in Resources */ = {isa = PBXBuildFile; fileRef = 511F35F013D5686300F7E748 /* attending@2x.png */; };
		511F35FD13D5686300F7E748 /* hosting_selected.png in Resources */ = {isa = PBXBuildFile; fileRef = 511F35F113D5686300F7E748 /* hosting_selected.png */; };
		511F35FE13D5686300F7E748 /* hosting_selected@2x.png in Resources */ = {isa = PBXBuildFile; fileRef = 511F35F213D5686300F7E748 /* hosting_selected@2x.png */; };
		511F35FF13D5686300F7E748 /* hosting.png in Resources */ = {isa = PBXBuildFile; fileRef = 511F35F313D5686300F7E748 /* hosting.png */; };
		511F360013D5686300F7E748 /* hosting@2x.png in Resources */ = {isa = PBXBuildFile; fileRef = 511F35F413D5686300F7E748 /* hosting@2x.png */; };
		511F360113D5686300F7E748 /* profile_selected.png in Resources */ = {isa = PBXBuildFile; fileRef = 511F35F513D5686300F7E748 /* profile_selected.png */; };
		511F360213D5686300F7E748 /* profile_selected@2x.png in Resources */ = {isa = PBXBuildFile; fileRef = 511F35F613D5686300F7E748 /* profile_selected@2x.png */; };
		511F360313D5686300F7E748 /* profile.png in Resources */ = {isa = PBXBuildFile; fileRef = 511F35F713D5686300F7E748 /* profile.png */; };
		511F360413D5686300F7E748 /* profile@2x.png in Resources */ = {isa = PBXBuildFile; fileRef = 511F35F813D5686300F7E748 /* profile@2x.png */; };
		511F360713D5801700F7E748 /* User.m in Sources */ = {isa = PBXBuildFile; fileRef = 511F360613D5801700F7E748 /* User.m */; };
		511F360B13D5869A00F7E748 /* QuartzCore.framework in Frameworks */ = {isa = PBXBuildFile; fileRef = 511F360A13D5869A00F7E748 /* QuartzCore.framework */; };
		511F360E13D58B0D00F7E748 /* Constants.m in Sources */ = {isa = PBXBuildFile; fileRef = 511F360D13D58B0D00F7E748 /* Constants.m */; };
		512163E613DC0CB000B5989E /* TestViewcontroller.m in Sources */ = {isa = PBXBuildFile; fileRef = 512163E413DC0CAF00B5989E /* TestViewcontroller.m */; };
		512163E713DC0CB000B5989E /* TestViewcontroller.xib in Resources */ = {isa = PBXBuildFile; fileRef = 512163E513DC0CAF00B5989E /* TestViewcontroller.xib */; };
		512163EA13DC1FC500B5989E /* MessageUI.framework in Frameworks */ = {isa = PBXBuildFile; fileRef = 512163E913DC1FC500B5989E /* MessageUI.framework */; };
		512163EC13DC342100B5989E /* AttendingDetailViewController_Landscape.xib in Resources */ = {isa = PBXBuildFile; fileRef = 512163EB13DC342100B5989E /* AttendingDetailViewController_Landscape.xib */; };
		514F875F13DCE11000EBAF83 /* AttendingDetail_1px.png in Resources */ = {isa = PBXBuildFile; fileRef = 514F875D13DCE11000EBAF83 /* AttendingDetail_1px.png */; };
		514F876013DCE11000EBAF83 /* AttendingDetail_1px@2x.png in Resources */ = {isa = PBXBuildFile; fileRef = 514F875E13DCE11000EBAF83 /* AttendingDetail_1px@2x.png */; };
		5151F61B13DABCB100D6D9FF /* Attending_1px.png in Resources */ = {isa = PBXBuildFile; fileRef = 5151F61913DABCB100D6D9FF /* Attending_1px.png */; };
		5151F61C13DABCB100D6D9FF /* Attending_1px@2x.png in Resources */ = {isa = PBXBuildFile; fileRef = 5151F61A13DABCB100D6D9FF /* Attending_1px@2x.png */; };
		5173571413D7FAD100204AAF /* Profile_aboutTextView.png in Resources */ = {isa = PBXBuildFile; fileRef = 5173571213D7FAD100204AAF /* Profile_aboutTextView.png */; };
		5173571513D7FAD100204AAF /* Profile_aboutTextView@2x.png in Resources */ = {isa = PBXBuildFile; fileRef = 5173571313D7FAD100204AAF /* Profile_aboutTextView@2x.png */; };
		5173571913D7FF5200204AAF /* Profile_Update.png in Resources */ = {isa = PBXBuildFile; fileRef = 5173571713D7FF5200204AAF /* Profile_Update.png */; };
		5173571A13D7FF5200204AAF /* Profile_Update@2x.png in Resources */ = {isa = PBXBuildFile; fileRef = 5173571813D7FF5200204AAF /* Profile_Update@2x.png */; };
		5173571D13D8117D00204AAF /* SettingsManager.m in Sources */ = {isa = PBXBuildFile; fileRef = 5173571C13D8117D00204AAF /* SettingsManager.m */; };
		5173572013D81CAA00204AAF /* Profile_X.png in Resources */ = {isa = PBXBuildFile; fileRef = 5173571E13D81CAA00204AAF /* Profile_X.png */; };
		5173572113D81CAA00204AAF /* Profile_X@2x.png in Resources */ = {isa = PBXBuildFile; fileRef = 5173571F13D81CAA00204AAF /* Profile_X@2x.png */; };
		517AAA3313DACF9D00733342 /* AttendingDetailViewController.m in Sources */ = {isa = PBXBuildFile; fileRef = 517AAA3113DACF9D00733342 /* AttendingDetailViewController.m */; };
		517AAA3413DACF9D00733342 /* AttendingDetailViewController.xib in Resources */ = {isa = PBXBuildFile; fileRef = 517AAA3213DACF9D00733342 /* AttendingDetailViewController.xib */; };
		517AAA3613DACFE000733342 /* MapKit.framework in Frameworks */ = {isa = PBXBuildFile; fileRef = 517AAA3513DACFE000733342 /* MapKit.framework */; };
		517AAA4113DADAF700733342 /* EventsAttending_Checkin@2x.png in Resources */ = {isa = PBXBuildFile; fileRef = 517AAA3813DADAF700733342 /* EventsAttending_Checkin@2x.png */; };
		517AAA4213DADAF700733342 /* EventsAttending_Contact.png in Resources */ = {isa = PBXBuildFile; fileRef = 517AAA3913DADAF700733342 /* EventsAttending_Contact.png */; };
		517AAA4313DADAF700733342 /* EventsAttending_Contact@2x.png in Resources */ = {isa = PBXBuildFile; fileRef = 517AAA3A13DADAF700733342 /* EventsAttending_Contact@2x.png */; };
		517AAA4413DADAF700733342 /* EventsAttending_Directions.png in Resources */ = {isa = PBXBuildFile; fileRef = 517AAA3B13DADAF700733342 /* EventsAttending_Directions.png */; };
		517AAA4513DADAF700733342 /* EventsAttending_Directions@2x.png in Resources */ = {isa = PBXBuildFile; fileRef = 517AAA3C13DADAF700733342 /* EventsAttending_Directions@2x.png */; };
		517AAA4613DADAF700733342 /* EventsAttending_Live.png in Resources */ = {isa = PBXBuildFile; fileRef = 517AAA3D13DADAF700733342 /* EventsAttending_Live.png */; };
		517AAA4713DADAF700733342 /* EventsAttending_Live@2x.png in Resources */ = {isa = PBXBuildFile; fileRef = 517AAA3E13DADAF700733342 /* EventsAttending_Live@2x.png */; };
		517AAA4813DADAF700733342 /* EventsAttending_RSVP.png in Resources */ = {isa = PBXBuildFile; fileRef = 517AAA3F13DADAF700733342 /* EventsAttending_RSVP.png */; };
		517AAA4913DADAF700733342 /* EventsAttending_RSVP@2x.png in Resources */ = {isa = PBXBuildFile; fileRef = 517AAA4013DADAF700733342 /* EventsAttending_RSVP@2x.png */; };
		517AAA4B13DADB6800733342 /* EventsAttending_Checkin.png in Resources */ = {isa = PBXBuildFile; fileRef = 517AAA4A13DADB6800733342 /* EventsAttending_Checkin.png */; };
		517AAA4D13DAE42E00733342 /* CoreLocation.framework in Frameworks */ = {isa = PBXBuildFile; fileRef = 517AAA4C13DAE42D00733342 /* CoreLocation.framework */; };
		518E2D7713D24FA60080E068 /* UIKit.framework in Frameworks */ = {isa = PBXBuildFile; fileRef = 518E2D7613D24FA60080E068 /* UIKit.framework */; };
		518E2D7913D24FA60080E068 /* Foundation.framework in Frameworks */ = {isa = PBXBuildFile; fileRef = 518E2D7813D24FA60080E068 /* Foundation.framework */; };
		518E2D7B13D24FA60080E068 /* CoreGraphics.framework in Frameworks */ = {isa = PBXBuildFile; fileRef = 518E2D7A13D24FA60080E068 /* CoreGraphics.framework */; };
		518E2D8113D24FA60080E068 /* InfoPlist.strings in Resources */ = {isa = PBXBuildFile; fileRef = 518E2D7F13D24FA60080E068 /* InfoPlist.strings */; };
		518E2D8413D24FA60080E068 /* main.m in Sources */ = {isa = PBXBuildFile; fileRef = 518E2D8313D24FA60080E068 /* main.m */; };
		518E2D8713D24FA60080E068 /* TrueRSVPAppDelegate.m in Sources */ = {isa = PBXBuildFile; fileRef = 518E2D8613D24FA60080E068 /* TrueRSVPAppDelegate.m */; };
		518E2D8A13D24FA60080E068 /* MainWindow.xib in Resources */ = {isa = PBXBuildFile; fileRef = 518E2D8813D24FA60080E068 /* MainWindow.xib */; };
		518E2D8D13D24FA60080E068 /* SignInViewController.m in Sources */ = {isa = PBXBuildFile; fileRef = 518E2D8C13D24FA60080E068 /* SignInViewController.m */; };
		518E2D9013D24FA70080E068 /* SignInViewController.xib in Resources */ = {isa = PBXBuildFile; fileRef = 518E2D8E13D24FA70080E068 /* SignInViewController.xib */; };
		518E2DAD13D259EB0080E068 /* SignIn_Button.png in Resources */ = {isa = PBXBuildFile; fileRef = 518E2DAB13D259EB0080E068 /* SignIn_Button.png */; };
		518E2DAE13D259EB0080E068 /* SignIn_Button@2x.png in Resources */ = {isa = PBXBuildFile; fileRef = 518E2DAC13D259EB0080E068 /* SignIn_Button@2x.png */; };
		518E2DC113D25EC80080E068 /* SignIn_Facebook@2x.png in Resources */ = {isa = PBXBuildFile; fileRef = 518E2DBF13D25EC80080E068 /* SignIn_Facebook@2x.png */; };
		518E2DC313D25FC10080E068 /* SignIn_Facebook.png in Resources */ = {isa = PBXBuildFile; fileRef = 518E2DC213D25FC10080E068 /* SignIn_Facebook.png */; };
		5194222513D3962B008B5418 /* ASIAuthenticationDialog.m in Sources */ = {isa = PBXBuildFile; fileRef = 5194221D13D3962B008B5418 /* ASIAuthenticationDialog.m */; };
		5194222613D3962B008B5418 /* ASIDataCompressor.m in Sources */ = {isa = PBXBuildFile; fileRef = 5194221E13D3962B008B5418 /* ASIDataCompressor.m */; };
		5194222713D3962B008B5418 /* ASIDataDecompressor.m in Sources */ = {isa = PBXBuildFile; fileRef = 5194221F13D3962B008B5418 /* ASIDataDecompressor.m */; };
		5194222813D3962B008B5418 /* ASIDownloadCache.m in Sources */ = {isa = PBXBuildFile; fileRef = 5194222013D3962B008B5418 /* ASIDownloadCache.m */; };
		5194222913D3962B008B5418 /* ASIFormDataRequest.m in Sources */ = {isa = PBXBuildFile; fileRef = 5194222113D3962B008B5418 /* ASIFormDataRequest.m */; };
		5194222A13D3962B008B5418 /* ASIHTTPRequest.m in Sources */ = {isa = PBXBuildFile; fileRef = 5194222213D3962B008B5418 /* ASIHTTPRequest.m */; };
		5194222B13D3962B008B5418 /* ASIInputStream.m in Sources */ = {isa = PBXBuildFile; fileRef = 5194222313D3962B008B5418 /* ASIInputStream.m */; };
		5194222C13D3962B008B5418 /* ASINetworkQueue.m in Sources */ = {isa = PBXBuildFile; fileRef = 5194222413D3962B008B5418 /* ASINetworkQueue.m */; };
		5194222E13D39644008B5418 /* CFNetwork.framework in Frameworks */ = {isa = PBXBuildFile; fileRef = 5194222D13D39644008B5418 /* CFNetwork.framework */; };
		5194223013D3964E008B5418 /* SystemConfiguration.framework in Frameworks */ = {isa = PBXBuildFile; fileRef = 5194222F13D3964E008B5418 /* SystemConfiguration.framework */; };
		5194223213D39657008B5418 /* MobileCoreServices.framework in Frameworks */ = {isa = PBXBuildFile; fileRef = 5194223113D39657008B5418 /* MobileCoreServices.framework */; };
		5194225713D3972E008B5418 /* CFilteringJSONSerializer.m in Sources */ = {isa = PBXBuildFile; fileRef = 5194224213D3972E008B5418 /* CFilteringJSONSerializer.m */; };
		5194225813D3972E008B5418 /* CJSONDeserializer_BlocksExtensions.m in Sources */ = {isa = PBXBuildFile; fileRef = 5194224413D3972E008B5418 /* CJSONDeserializer_BlocksExtensions.m */; };
		5194225913D3972E008B5418 /* CJSONSerialization.m in Sources */ = {isa = PBXBuildFile; fileRef = 5194224613D3972E008B5418 /* CJSONSerialization.m */; };
		5194225A13D3972E008B5418 /* CJSONSerializedData.m in Sources */ = {isa = PBXBuildFile; fileRef = 5194224813D3972E008B5418 /* CJSONSerializedData.m */; };
		5194225B13D3972E008B5418 /* CDataScanner_Extensions.m in Sources */ = {isa = PBXBuildFile; fileRef = 5194224B13D3972E008B5418 /* CDataScanner_Extensions.m */; };
		5194225C13D3972E008B5418 /* NSDictionary_JSONExtensions.m in Sources */ = {isa = PBXBuildFile; fileRef = 5194224D13D3972E008B5418 /* NSDictionary_JSONExtensions.m */; };
		5194225D13D3972E008B5418 /* CJSONDeserializer.m in Sources */ = {isa = PBXBuildFile; fileRef = 5194225013D3972E008B5418 /* CJSONDeserializer.m */; };
		5194225E13D3972E008B5418 /* CJSONScanner.m in Sources */ = {isa = PBXBuildFile; fileRef = 5194225213D3972E008B5418 /* CJSONScanner.m */; };
		5194225F13D3972E008B5418 /* CJSONSerializer.m in Sources */ = {isa = PBXBuildFile; fileRef = 5194225413D3972E008B5418 /* CJSONSerializer.m */; };
		5194226013D3972E008B5418 /* CDataScanner.m in Sources */ = {isa = PBXBuildFile; fileRef = 5194225613D3972E008B5418 /* CDataScanner.m */; };
		5194226313D39A89008B5418 /* Reachability.m in Sources */ = {isa = PBXBuildFile; fileRef = 5194226213D39A89008B5418 /* Reachability.m */; };
		519C557113DA04F900EE8E9A /* Attendance.m in Sources */ = {isa = PBXBuildFile; fileRef = 519C557013DA04F900EE8E9A /* Attendance.m */; };
		519C557813DA09C200EE8E9A /* ProfileViewController_Landscape.xib in Resources */ = {isa = PBXBuildFile; fileRef = 519C557713DA09C200EE8E9A /* ProfileViewController_Landscape.xib */; };
		51D3F84F13DD5C7A00EBC93D /* EventAnnotation.m in Sources */ = {isa = PBXBuildFile; fileRef = 51D3F84E13DD5C7A00EBC93D /* EventAnnotation.m */; };
		51D84D4D13D8F411008A705B /* libz.1.2.3.dylib in Frameworks */ = {isa = PBXBuildFile; fileRef = 51D84D4C13D8F411008A705B /* libz.1.2.3.dylib */; };
		51D84D5113D90C43008A705B /* AttendingViewController.m in Sources */ = {isa = PBXBuildFile; fileRef = 51D84D4F13D90C43008A705B /* AttendingViewController.m */; };
		51D84D5213D90C43008A705B /* AttendingViewController.xib in Resources */ = {isa = PBXBuildFile; fileRef = 51D84D5013D90C43008A705B /* AttendingViewController.xib */; };
		51E7AC4113D7B30700174805 /* SignIn_Background@2x.png in Resources */ = {isa = PBXBuildFile; fileRef = 51E7AC3F13D7B30700174805 /* SignIn_Background@2x.png */; };
		51E7AC4313D7B33800174805 /* Signin_Background.png in Resources */ = {isa = PBXBuildFile; fileRef = 51E7AC4213D7B33800174805 /* Signin_Background.png */; };
		51F222BF13DA4CDE00D2A834 /* EventAttending.m in Sources */ = {isa = PBXBuildFile; fileRef = 51F222BE13DA4CDE00D2A834 /* EventAttending.m */; };
		51F3B4A913D41384008ACF04 /* MainViewController.m in Sources */ = {isa = PBXBuildFile; fileRef = 51F3B4A713D41384008ACF04 /* MainViewController.m */; };
		51F3B4AA13D41384008ACF04 /* MainViewController.xib in Resources */ = {isa = PBXBuildFile; fileRef = 51F3B4A813D41384008ACF04 /* MainViewController.xib */; };
		51F9BB4313D2623A0017731B /* TrueRSVPViewController.m in Sources */ = {isa = PBXBuildFile; fileRef = 51F9BB4113D2623A0017731B /* TrueRSVPViewController.m */; };
		51F9BB4413D2623A0017731B /* TrueRSVPViewController.xib in Resources */ = {isa = PBXBuildFile; fileRef = 51F9BB4213D2623A0017731B /* TrueRSVPViewController.xib */; };
		51F9BB6513D26C830017731B /* Facebook.m in Sources */ = {isa = PBXBuildFile; fileRef = 51F9BB4A13D26C830017731B /* Facebook.m */; };
		51F9BB6613D26C830017731B /* FBDialog.bundle in Resources */ = {isa = PBXBuildFile; fileRef = 51F9BB4D13D26C830017731B /* FBDialog.bundle */; };
		51F9BB6713D26C830017731B /* FBDialog.m in Sources */ = {isa = PBXBuildFile; fileRef = 51F9BB4F13D26C830017731B /* FBDialog.m */; };
		51F9BB6813D26C830017731B /* FBLoginDialog.m in Sources */ = {isa = PBXBuildFile; fileRef = 51F9BB5113D26C830017731B /* FBLoginDialog.m */; };
		51F9BB6913D26C830017731B /* FBRequest.m in Sources */ = {isa = PBXBuildFile; fileRef = 51F9BB5313D26C830017731B /* FBRequest.m */; };
		51F9BB6A13D26C830017731B /* NSObject+SBJSON.m in Sources */ = {isa = PBXBuildFile; fileRef = 51F9BB5713D26C830017731B /* NSObject+SBJSON.m */; };
		51F9BB6B13D26C830017731B /* NSString+SBJSON.m in Sources */ = {isa = PBXBuildFile; fileRef = 51F9BB5913D26C830017731B /* NSString+SBJSON.m */; };
		51F9BB6C13D26C830017731B /* SBJSON.m in Sources */ = {isa = PBXBuildFile; fileRef = 51F9BB5B13D26C830017731B /* SBJSON.m */; };
		51F9BB6D13D26C830017731B /* SBJsonBase.m in Sources */ = {isa = PBXBuildFile; fileRef = 51F9BB5D13D26C830017731B /* SBJsonBase.m */; };
		51F9BB6E13D26C830017731B /* SBJsonParser.m in Sources */ = {isa = PBXBuildFile; fileRef = 51F9BB5F13D26C830017731B /* SBJsonParser.m */; };
		51F9BB6F13D26C830017731B /* SBJsonWriter.m in Sources */ = {isa = PBXBuildFile; fileRef = 51F9BB6113D26C830017731B /* SBJsonWriter.m */; };
		51F9BB7713D2AAB70017731B /* ProfileViewController.m in Sources */ = {isa = PBXBuildFile; fileRef = 51F9BB7513D2AAB70017731B /* ProfileViewController.m */; };
		51F9BB7813D2AAB70017731B /* ProfileViewController.xib in Resources */ = {isa = PBXBuildFile; fileRef = 51F9BB7613D2AAB70017731B /* ProfileViewController.xib */; };
/* End PBXBuildFile section */

/* Begin PBXFileReference section */
		511F35ED13D5686300F7E748 /* attending_selected.png */ = {isa = PBXFileReference; lastKnownFileType = image.png; path = attending_selected.png; sourceTree = "<group>"; };
		511F35EE13D5686300F7E748 /* attending_selected@2x.png */ = {isa = PBXFileReference; lastKnownFileType = image.png; path = "attending_selected@2x.png"; sourceTree = "<group>"; };
		511F35EF13D5686300F7E748 /* attending.png */ = {isa = PBXFileReference; lastKnownFileType = image.png; path = attending.png; sourceTree = "<group>"; };
		511F35F013D5686300F7E748 /* attending@2x.png */ = {isa = PBXFileReference; lastKnownFileType = image.png; path = "attending@2x.png"; sourceTree = "<group>"; };
		511F35F113D5686300F7E748 /* hosting_selected.png */ = {isa = PBXFileReference; lastKnownFileType = image.png; path = hosting_selected.png; sourceTree = "<group>"; };
		511F35F213D5686300F7E748 /* hosting_selected@2x.png */ = {isa = PBXFileReference; lastKnownFileType = image.png; path = "hosting_selected@2x.png"; sourceTree = "<group>"; };
		511F35F313D5686300F7E748 /* hosting.png */ = {isa = PBXFileReference; lastKnownFileType = image.png; path = hosting.png; sourceTree = "<group>"; };
		511F35F413D5686300F7E748 /* hosting@2x.png */ = {isa = PBXFileReference; lastKnownFileType = image.png; path = "hosting@2x.png"; sourceTree = "<group>"; };
		511F35F513D5686300F7E748 /* profile_selected.png */ = {isa = PBXFileReference; lastKnownFileType = image.png; path = profile_selected.png; sourceTree = "<group>"; };
		511F35F613D5686300F7E748 /* profile_selected@2x.png */ = {isa = PBXFileReference; lastKnownFileType = image.png; path = "profile_selected@2x.png"; sourceTree = "<group>"; };
		511F35F713D5686300F7E748 /* profile.png */ = {isa = PBXFileReference; lastKnownFileType = image.png; path = profile.png; sourceTree = "<group>"; };
		511F35F813D5686300F7E748 /* profile@2x.png */ = {isa = PBXFileReference; lastKnownFileType = image.png; path = "profile@2x.png"; sourceTree = "<group>"; };
		511F360513D5801600F7E748 /* User.h */ = {isa = PBXFileReference; fileEncoding = 4; lastKnownFileType = sourcecode.c.h; path = User.h; sourceTree = "<group>"; };
		511F360613D5801700F7E748 /* User.m */ = {isa = PBXFileReference; fileEncoding = 4; lastKnownFileType = sourcecode.c.objc; path = User.m; sourceTree = "<group>"; };
		511F360A13D5869A00F7E748 /* QuartzCore.framework */ = {isa = PBXFileReference; lastKnownFileType = wrapper.framework; name = QuartzCore.framework; path = System/Library/Frameworks/QuartzCore.framework; sourceTree = SDKROOT; };
		511F360C13D58B0C00F7E748 /* Constants.h */ = {isa = PBXFileReference; fileEncoding = 4; lastKnownFileType = sourcecode.c.h; path = Constants.h; sourceTree = "<group>"; };
		511F360D13D58B0D00F7E748 /* Constants.m */ = {isa = PBXFileReference; fileEncoding = 4; lastKnownFileType = sourcecode.c.objc; path = Constants.m; sourceTree = "<group>"; };
		511F361713D592AC00F7E748 /* SynthesizeSingleton.h */ = {isa = PBXFileReference; fileEncoding = 4; lastKnownFileType = sourcecode.c.h; path = SynthesizeSingleton.h; sourceTree = "<group>"; };
		512163E313DC0CAF00B5989E /* TestViewcontroller.h */ = {isa = PBXFileReference; fileEncoding = 4; lastKnownFileType = sourcecode.c.h; path = TestViewcontroller.h; sourceTree = "<group>"; };
		512163E413DC0CAF00B5989E /* TestViewcontroller.m */ = {isa = PBXFileReference; fileEncoding = 4; lastKnownFileType = sourcecode.c.objc; path = TestViewcontroller.m; sourceTree = "<group>"; };
		512163E513DC0CAF00B5989E /* TestViewcontroller.xib */ = {isa = PBXFileReference; fileEncoding = 4; lastKnownFileType = file.xib; path = TestViewcontroller.xib; sourceTree = "<group>"; };
		512163E913DC1FC500B5989E /* MessageUI.framework */ = {isa = PBXFileReference; lastKnownFileType = wrapper.framework; name = MessageUI.framework; path = System/Library/Frameworks/MessageUI.framework; sourceTree = SDKROOT; };
		512163EB13DC342100B5989E /* AttendingDetailViewController_Landscape.xib */ = {isa = PBXFileReference; fileEncoding = 4; lastKnownFileType = file.xib; path = AttendingDetailViewController_Landscape.xib; sourceTree = "<group>"; };
		514F875D13DCE11000EBAF83 /* AttendingDetail_1px.png */ = {isa = PBXFileReference; lastKnownFileType = image.png; path = AttendingDetail_1px.png; sourceTree = "<group>"; };
		514F875E13DCE11000EBAF83 /* AttendingDetail_1px@2x.png */ = {isa = PBXFileReference; lastKnownFileType = image.png; path = "AttendingDetail_1px@2x.png"; sourceTree = "<group>"; };
		5151F61913DABCB100D6D9FF /* Attending_1px.png */ = {isa = PBXFileReference; lastKnownFileType = image.png; path = Attending_1px.png; sourceTree = "<group>"; };
		5151F61A13DABCB100D6D9FF /* Attending_1px@2x.png */ = {isa = PBXFileReference; lastKnownFileType = image.png; path = "Attending_1px@2x.png"; sourceTree = "<group>"; };
		5173571213D7FAD100204AAF /* Profile_aboutTextView.png */ = {isa = PBXFileReference; lastKnownFileType = image.png; path = Profile_aboutTextView.png; sourceTree = "<group>"; };
		5173571313D7FAD100204AAF /* Profile_aboutTextView@2x.png */ = {isa = PBXFileReference; lastKnownFileType = image.png; path = "Profile_aboutTextView@2x.png"; sourceTree = "<group>"; };
		5173571713D7FF5200204AAF /* Profile_Update.png */ = {isa = PBXFileReference; lastKnownFileType = image.png; path = Profile_Update.png; sourceTree = "<group>"; };
		5173571813D7FF5200204AAF /* Profile_Update@2x.png */ = {isa = PBXFileReference; lastKnownFileType = image.png; path = "Profile_Update@2x.png"; sourceTree = "<group>"; };
		5173571B13D8117D00204AAF /* SettingsManager.h */ = {isa = PBXFileReference; fileEncoding = 4; lastKnownFileType = sourcecode.c.h; path = SettingsManager.h; sourceTree = "<group>"; };
		5173571C13D8117D00204AAF /* SettingsManager.m */ = {isa = PBXFileReference; fileEncoding = 4; lastKnownFileType = sourcecode.c.objc; path = SettingsManager.m; sourceTree = "<group>"; };
		5173571E13D81CAA00204AAF /* Profile_X.png */ = {isa = PBXFileReference; lastKnownFileType = image.png; path = Profile_X.png; sourceTree = "<group>"; };
		5173571F13D81CAA00204AAF /* Profile_X@2x.png */ = {isa = PBXFileReference; lastKnownFileType = image.png; path = "Profile_X@2x.png"; sourceTree = "<group>"; };
		517AAA3013DACF9D00733342 /* AttendingDetailViewController.h */ = {isa = PBXFileReference; fileEncoding = 4; lastKnownFileType = sourcecode.c.h; path = AttendingDetailViewController.h; sourceTree = "<group>"; };
		517AAA3113DACF9D00733342 /* AttendingDetailViewController.m */ = {isa = PBXFileReference; fileEncoding = 4; lastKnownFileType = sourcecode.c.objc; path = AttendingDetailViewController.m; sourceTree = "<group>"; };
		517AAA3213DACF9D00733342 /* AttendingDetailViewController.xib */ = {isa = PBXFileReference; fileEncoding = 4; lastKnownFileType = file.xib; path = AttendingDetailViewController.xib; sourceTree = "<group>"; };
		517AAA3513DACFE000733342 /* MapKit.framework */ = {isa = PBXFileReference; lastKnownFileType = wrapper.framework; name = MapKit.framework; path = System/Library/Frameworks/MapKit.framework; sourceTree = SDKROOT; };
		517AAA3813DADAF700733342 /* EventsAttending_Checkin@2x.png */ = {isa = PBXFileReference; lastKnownFileType = image.png; path = "EventsAttending_Checkin@2x.png"; sourceTree = "<group>"; };
		517AAA3913DADAF700733342 /* EventsAttending_Contact.png */ = {isa = PBXFileReference; lastKnownFileType = image.png; path = EventsAttending_Contact.png; sourceTree = "<group>"; };
		517AAA3A13DADAF700733342 /* EventsAttending_Contact@2x.png */ = {isa = PBXFileReference; lastKnownFileType = image.png; path = "EventsAttending_Contact@2x.png"; sourceTree = "<group>"; };
		517AAA3B13DADAF700733342 /* EventsAttending_Directions.png */ = {isa = PBXFileReference; lastKnownFileType = image.png; path = EventsAttending_Directions.png; sourceTree = "<group>"; };
		517AAA3C13DADAF700733342 /* EventsAttending_Directions@2x.png */ = {isa = PBXFileReference; lastKnownFileType = image.png; path = "EventsAttending_Directions@2x.png"; sourceTree = "<group>"; };
		517AAA3D13DADAF700733342 /* EventsAttending_Live.png */ = {isa = PBXFileReference; lastKnownFileType = image.png; path = EventsAttending_Live.png; sourceTree = "<group>"; };
		517AAA3E13DADAF700733342 /* EventsAttending_Live@2x.png */ = {isa = PBXFileReference; lastKnownFileType = image.png; path = "EventsAttending_Live@2x.png"; sourceTree = "<group>"; };
		517AAA3F13DADAF700733342 /* EventsAttending_RSVP.png */ = {isa = PBXFileReference; lastKnownFileType = image.png; path = EventsAttending_RSVP.png; sourceTree = "<group>"; };
		517AAA4013DADAF700733342 /* EventsAttending_RSVP@2x.png */ = {isa = PBXFileReference; lastKnownFileType = image.png; path = "EventsAttending_RSVP@2x.png"; sourceTree = "<group>"; };
		517AAA4A13DADB6800733342 /* EventsAttending_Checkin.png */ = {isa = PBXFileReference; lastKnownFileType = image.png; path = EventsAttending_Checkin.png; sourceTree = "<group>"; };
		517AAA4C13DAE42D00733342 /* CoreLocation.framework */ = {isa = PBXFileReference; lastKnownFileType = wrapper.framework; name = CoreLocation.framework; path = System/Library/Frameworks/CoreLocation.framework; sourceTree = SDKROOT; };
		518E2D7213D24FA60080E068 /* TrueRSVP.app */ = {isa = PBXFileReference; explicitFileType = wrapper.application; includeInIndex = 0; path = TrueRSVP.app; sourceTree = BUILT_PRODUCTS_DIR; };
		518E2D7613D24FA60080E068 /* UIKit.framework */ = {isa = PBXFileReference; lastKnownFileType = wrapper.framework; name = UIKit.framework; path = System/Library/Frameworks/UIKit.framework; sourceTree = SDKROOT; };
		518E2D7813D24FA60080E068 /* Foundation.framework */ = {isa = PBXFileReference; lastKnownFileType = wrapper.framework; name = Foundation.framework; path = System/Library/Frameworks/Foundation.framework; sourceTree = SDKROOT; };
		518E2D7A13D24FA60080E068 /* CoreGraphics.framework */ = {isa = PBXFileReference; lastKnownFileType = wrapper.framework; name = CoreGraphics.framework; path = System/Library/Frameworks/CoreGraphics.framework; sourceTree = SDKROOT; };
		518E2D7E13D24FA60080E068 /* TrueRSVP-Info.plist */ = {isa = PBXFileReference; lastKnownFileType = text.plist.xml; path = "TrueRSVP-Info.plist"; sourceTree = "<group>"; };
		518E2D8013D24FA60080E068 /* en */ = {isa = PBXFileReference; lastKnownFileType = text.plist.strings; name = en; path = en.lproj/InfoPlist.strings; sourceTree = "<group>"; };
		518E2D8213D24FA60080E068 /* TrueRSVP-Prefix.pch */ = {isa = PBXFileReference; lastKnownFileType = sourcecode.c.h; path = "TrueRSVP-Prefix.pch"; sourceTree = "<group>"; };
		518E2D8313D24FA60080E068 /* main.m */ = {isa = PBXFileReference; lastKnownFileType = sourcecode.c.objc; path = main.m; sourceTree = "<group>"; };
		518E2D8513D24FA60080E068 /* TrueRSVPAppDelegate.h */ = {isa = PBXFileReference; lastKnownFileType = sourcecode.c.h; path = TrueRSVPAppDelegate.h; sourceTree = "<group>"; };
		518E2D8613D24FA60080E068 /* TrueRSVPAppDelegate.m */ = {isa = PBXFileReference; lastKnownFileType = sourcecode.c.objc; path = TrueRSVPAppDelegate.m; sourceTree = "<group>"; };
		518E2D8913D24FA60080E068 /* en */ = {isa = PBXFileReference; lastKnownFileType = file.xib; name = en; path = en.lproj/MainWindow.xib; sourceTree = "<group>"; };
		518E2D8B13D24FA60080E068 /* SignInViewController.h */ = {isa = PBXFileReference; lastKnownFileType = sourcecode.c.h; path = SignInViewController.h; sourceTree = "<group>"; };
		518E2D8C13D24FA60080E068 /* SignInViewController.m */ = {isa = PBXFileReference; lastKnownFileType = sourcecode.c.objc; path = SignInViewController.m; sourceTree = "<group>"; };
		518E2D8F13D24FA70080E068 /* en */ = {isa = PBXFileReference; lastKnownFileType = file.xib; name = en; path = en.lproj/SignInViewController.xib; sourceTree = "<group>"; };
		518E2DAB13D259EB0080E068 /* SignIn_Button.png */ = {isa = PBXFileReference; lastKnownFileType = image.png; path = SignIn_Button.png; sourceTree = "<group>"; };
		518E2DAC13D259EB0080E068 /* SignIn_Button@2x.png */ = {isa = PBXFileReference; lastKnownFileType = image.png; path = "SignIn_Button@2x.png"; sourceTree = "<group>"; };
		518E2DBF13D25EC80080E068 /* SignIn_Facebook@2x.png */ = {isa = PBXFileReference; lastKnownFileType = image.png; path = "SignIn_Facebook@2x.png"; sourceTree = "<group>"; };
		518E2DC213D25FC10080E068 /* SignIn_Facebook.png */ = {isa = PBXFileReference; lastKnownFileType = image.png; path = SignIn_Facebook.png; sourceTree = "<group>"; };
		5194221113D39626008B5418 /* ASIAuthenticationDialog.h */ = {isa = PBXFileReference; fileEncoding = 4; lastKnownFileType = sourcecode.c.h; path = ASIAuthenticationDialog.h; sourceTree = "<group>"; };
		5194221213D39626008B5418 /* ASICacheDelegate.h */ = {isa = PBXFileReference; fileEncoding = 4; lastKnownFileType = sourcecode.c.h; path = ASICacheDelegate.h; sourceTree = "<group>"; };
		5194221313D39626008B5418 /* ASIDataCompressor.h */ = {isa = PBXFileReference; fileEncoding = 4; lastKnownFileType = sourcecode.c.h; path = ASIDataCompressor.h; sourceTree = "<group>"; };
		5194221413D39626008B5418 /* ASIDataDecompressor.h */ = {isa = PBXFileReference; fileEncoding = 4; lastKnownFileType = sourcecode.c.h; path = ASIDataDecompressor.h; sourceTree = "<group>"; };
		5194221513D39626008B5418 /* ASIDownloadCache.h */ = {isa = PBXFileReference; fileEncoding = 4; lastKnownFileType = sourcecode.c.h; path = ASIDownloadCache.h; sourceTree = "<group>"; };
		5194221613D39626008B5418 /* ASIFormDataRequest.h */ = {isa = PBXFileReference; fileEncoding = 4; lastKnownFileType = sourcecode.c.h; path = ASIFormDataRequest.h; sourceTree = "<group>"; };
		5194221713D39626008B5418 /* ASIHTTPRequest.h */ = {isa = PBXFileReference; fileEncoding = 4; lastKnownFileType = sourcecode.c.h; path = ASIHTTPRequest.h; sourceTree = "<group>"; };
		5194221813D39626008B5418 /* ASIHTTPRequestConfig.h */ = {isa = PBXFileReference; fileEncoding = 4; lastKnownFileType = sourcecode.c.h; path = ASIHTTPRequestConfig.h; sourceTree = "<group>"; };
		5194221913D39626008B5418 /* ASIHTTPRequestDelegate.h */ = {isa = PBXFileReference; fileEncoding = 4; lastKnownFileType = sourcecode.c.h; path = ASIHTTPRequestDelegate.h; sourceTree = "<group>"; };
		5194221A13D39626008B5418 /* ASIInputStream.h */ = {isa = PBXFileReference; fileEncoding = 4; lastKnownFileType = sourcecode.c.h; path = ASIInputStream.h; sourceTree = "<group>"; };
		5194221B13D39626008B5418 /* ASINetworkQueue.h */ = {isa = PBXFileReference; fileEncoding = 4; lastKnownFileType = sourcecode.c.h; path = ASINetworkQueue.h; sourceTree = "<group>"; };
		5194221C13D39626008B5418 /* ASIProgressDelegate.h */ = {isa = PBXFileReference; fileEncoding = 4; lastKnownFileType = sourcecode.c.h; path = ASIProgressDelegate.h; sourceTree = "<group>"; };
		5194221D13D3962B008B5418 /* ASIAuthenticationDialog.m */ = {isa = PBXFileReference; fileEncoding = 4; lastKnownFileType = sourcecode.c.objc; path = ASIAuthenticationDialog.m; sourceTree = "<group>"; };
		5194221E13D3962B008B5418 /* ASIDataCompressor.m */ = {isa = PBXFileReference; fileEncoding = 4; lastKnownFileType = sourcecode.c.objc; path = ASIDataCompressor.m; sourceTree = "<group>"; };
		5194221F13D3962B008B5418 /* ASIDataDecompressor.m */ = {isa = PBXFileReference; fileEncoding = 4; lastKnownFileType = sourcecode.c.objc; path = ASIDataDecompressor.m; sourceTree = "<group>"; };
		5194222013D3962B008B5418 /* ASIDownloadCache.m */ = {isa = PBXFileReference; fileEncoding = 4; lastKnownFileType = sourcecode.c.objc; path = ASIDownloadCache.m; sourceTree = "<group>"; };
		5194222113D3962B008B5418 /* ASIFormDataRequest.m */ = {isa = PBXFileReference; fileEncoding = 4; lastKnownFileType = sourcecode.c.objc; path = ASIFormDataRequest.m; sourceTree = "<group>"; };
		5194222213D3962B008B5418 /* ASIHTTPRequest.m */ = {isa = PBXFileReference; fileEncoding = 4; lastKnownFileType = sourcecode.c.objc; path = ASIHTTPRequest.m; sourceTree = "<group>"; };
		5194222313D3962B008B5418 /* ASIInputStream.m */ = {isa = PBXFileReference; fileEncoding = 4; lastKnownFileType = sourcecode.c.objc; path = ASIInputStream.m; sourceTree = "<group>"; };
		5194222413D3962B008B5418 /* ASINetworkQueue.m */ = {isa = PBXFileReference; fileEncoding = 4; lastKnownFileType = sourcecode.c.objc; path = ASINetworkQueue.m; sourceTree = "<group>"; };
		5194222D13D39644008B5418 /* CFNetwork.framework */ = {isa = PBXFileReference; lastKnownFileType = wrapper.framework; name = CFNetwork.framework; path = System/Library/Frameworks/CFNetwork.framework; sourceTree = SDKROOT; };
		5194222F13D3964E008B5418 /* SystemConfiguration.framework */ = {isa = PBXFileReference; lastKnownFileType = wrapper.framework; name = SystemConfiguration.framework; path = System/Library/Frameworks/SystemConfiguration.framework; sourceTree = SDKROOT; };
		5194223113D39657008B5418 /* MobileCoreServices.framework */ = {isa = PBXFileReference; lastKnownFileType = wrapper.framework; name = MobileCoreServices.framework; path = System/Library/Frameworks/MobileCoreServices.framework; sourceTree = SDKROOT; };
		5194223F13D3972E008B5418 /* CDataScanner.h */ = {isa = PBXFileReference; fileEncoding = 4; lastKnownFileType = sourcecode.c.h; path = CDataScanner.h; sourceTree = "<group>"; };
		5194224113D3972E008B5418 /* CFilteringJSONSerializer.h */ = {isa = PBXFileReference; fileEncoding = 4; lastKnownFileType = sourcecode.c.h; path = CFilteringJSONSerializer.h; sourceTree = "<group>"; };
		5194224213D3972E008B5418 /* CFilteringJSONSerializer.m */ = {isa = PBXFileReference; fileEncoding = 4; lastKnownFileType = sourcecode.c.objc; path = CFilteringJSONSerializer.m; sourceTree = "<group>"; };
		5194224313D3972E008B5418 /* CJSONDeserializer_BlocksExtensions.h */ = {isa = PBXFileReference; fileEncoding = 4; lastKnownFileType = sourcecode.c.h; path = CJSONDeserializer_BlocksExtensions.h; sourceTree = "<group>"; };
		5194224413D3972E008B5418 /* CJSONDeserializer_BlocksExtensions.m */ = {isa = PBXFileReference; fileEncoding = 4; lastKnownFileType = sourcecode.c.objc; path = CJSONDeserializer_BlocksExtensions.m; sourceTree = "<group>"; };
		5194224513D3972E008B5418 /* CJSONSerialization.h */ = {isa = PBXFileReference; fileEncoding = 4; lastKnownFileType = sourcecode.c.h; path = CJSONSerialization.h; sourceTree = "<group>"; };
		5194224613D3972E008B5418 /* CJSONSerialization.m */ = {isa = PBXFileReference; fileEncoding = 4; lastKnownFileType = sourcecode.c.objc; path = CJSONSerialization.m; sourceTree = "<group>"; };
		5194224713D3972E008B5418 /* CJSONSerializedData.h */ = {isa = PBXFileReference; fileEncoding = 4; lastKnownFileType = sourcecode.c.h; path = CJSONSerializedData.h; sourceTree = "<group>"; };
		5194224813D3972E008B5418 /* CJSONSerializedData.m */ = {isa = PBXFileReference; fileEncoding = 4; lastKnownFileType = sourcecode.c.objc; path = CJSONSerializedData.m; sourceTree = "<group>"; };
		5194224A13D3972E008B5418 /* CDataScanner_Extensions.h */ = {isa = PBXFileReference; fileEncoding = 4; lastKnownFileType = sourcecode.c.h; path = CDataScanner_Extensions.h; sourceTree = "<group>"; };
		5194224B13D3972E008B5418 /* CDataScanner_Extensions.m */ = {isa = PBXFileReference; fileEncoding = 4; lastKnownFileType = sourcecode.c.objc; path = CDataScanner_Extensions.m; sourceTree = "<group>"; };
		5194224C13D3972E008B5418 /* NSDictionary_JSONExtensions.h */ = {isa = PBXFileReference; fileEncoding = 4; lastKnownFileType = sourcecode.c.h; path = NSDictionary_JSONExtensions.h; sourceTree = "<group>"; };
		5194224D13D3972E008B5418 /* NSDictionary_JSONExtensions.m */ = {isa = PBXFileReference; fileEncoding = 4; lastKnownFileType = sourcecode.c.objc; path = NSDictionary_JSONExtensions.m; sourceTree = "<group>"; };
		5194224F13D3972E008B5418 /* CJSONDeserializer.h */ = {isa = PBXFileReference; fileEncoding = 4; lastKnownFileType = sourcecode.c.h; path = CJSONDeserializer.h; sourceTree = "<group>"; };
		5194225013D3972E008B5418 /* CJSONDeserializer.m */ = {isa = PBXFileReference; fileEncoding = 4; lastKnownFileType = sourcecode.c.objc; path = CJSONDeserializer.m; sourceTree = "<group>"; };
		5194225113D3972E008B5418 /* CJSONScanner.h */ = {isa = PBXFileReference; fileEncoding = 4; lastKnownFileType = sourcecode.c.h; path = CJSONScanner.h; sourceTree = "<group>"; };
		5194225213D3972E008B5418 /* CJSONScanner.m */ = {isa = PBXFileReference; fileEncoding = 4; lastKnownFileType = sourcecode.c.objc; path = CJSONScanner.m; sourceTree = "<group>"; };
		5194225313D3972E008B5418 /* CJSONSerializer.h */ = {isa = PBXFileReference; fileEncoding = 4; lastKnownFileType = sourcecode.c.h; path = CJSONSerializer.h; sourceTree = "<group>"; };
		5194225413D3972E008B5418 /* CJSONSerializer.m */ = {isa = PBXFileReference; fileEncoding = 4; lastKnownFileType = sourcecode.c.objc; path = CJSONSerializer.m; sourceTree = "<group>"; };
		5194225513D3972E008B5418 /* JSONRepresentation.h */ = {isa = PBXFileReference; fileEncoding = 4; lastKnownFileType = sourcecode.c.h; path = JSONRepresentation.h; sourceTree = "<group>"; };
		5194225613D3972E008B5418 /* CDataScanner.m */ = {isa = PBXFileReference; fileEncoding = 4; lastKnownFileType = sourcecode.c.objc; path = CDataScanner.m; sourceTree = "<group>"; };
		5194226113D39A89008B5418 /* Reachability.h */ = {isa = PBXFileReference; fileEncoding = 4; lastKnownFileType = sourcecode.c.h; path = Reachability.h; sourceTree = "<group>"; };
		5194226213D39A89008B5418 /* Reachability.m */ = {isa = PBXFileReference; fileEncoding = 4; lastKnownFileType = sourcecode.c.objc; path = Reachability.m; sourceTree = "<group>"; };
		519C556F13DA04F900EE8E9A /* Attendance.h */ = {isa = PBXFileReference; fileEncoding = 4; lastKnownFileType = sourcecode.c.h; path = Attendance.h; sourceTree = "<group>"; };
		519C557013DA04F900EE8E9A /* Attendance.m */ = {isa = PBXFileReference; fileEncoding = 4; lastKnownFileType = sourcecode.c.objc; path = Attendance.m; sourceTree = "<group>"; };
		519C557713DA09C200EE8E9A /* ProfileViewController_Landscape.xib */ = {isa = PBXFileReference; fileEncoding = 4; lastKnownFileType = file.xib; path = ProfileViewController_Landscape.xib; sourceTree = "<group>"; };
		51D3F84D13DD5C7A00EBC93D /* EventAnnotation.h */ = {isa = PBXFileReference; fileEncoding = 4; lastKnownFileType = sourcecode.c.h; path = EventAnnotation.h; sourceTree = "<group>"; };
		51D3F84E13DD5C7A00EBC93D /* EventAnnotation.m */ = {isa = PBXFileReference; fileEncoding = 4; lastKnownFileType = sourcecode.c.objc; path = EventAnnotation.m; sourceTree = "<group>"; };
		51D84D4C13D8F411008A705B /* libz.1.2.3.dylib */ = {isa = PBXFileReference; lastKnownFileType = "compiled.mach-o.dylib"; name = libz.1.2.3.dylib; path = usr/lib/libz.1.2.3.dylib; sourceTree = SDKROOT; };
		51D84D4E13D90C42008A705B /* AttendingViewController.h */ = {isa = PBXFileReference; fileEncoding = 4; lastKnownFileType = sourcecode.c.h; path = AttendingViewController.h; sourceTree = "<group>"; };
		51D84D4F13D90C43008A705B /* AttendingViewController.m */ = {isa = PBXFileReference; fileEncoding = 4; lastKnownFileType = sourcecode.c.objc; path = AttendingViewController.m; sourceTree = "<group>"; };
		51D84D5013D90C43008A705B /* AttendingViewController.xib */ = {isa = PBXFileReference; fileEncoding = 4; lastKnownFileType = file.xib; path = AttendingViewController.xib; sourceTree = "<group>"; };
		51E7AC3F13D7B30700174805 /* SignIn_Background@2x.png */ = {isa = PBXFileReference; lastKnownFileType = image.png; path = "SignIn_Background@2x.png"; sourceTree = "<group>"; };
		51E7AC4213D7B33800174805 /* Signin_Background.png */ = {isa = PBXFileReference; lastKnownFileType = image.png; path = Signin_Background.png; sourceTree = "<group>"; };
		51F222BD13DA4CDE00D2A834 /* EventAttending.h */ = {isa = PBXFileReference; fileEncoding = 4; lastKnownFileType = sourcecode.c.h; name = EventAttending.h; path = ../EventAttending.h; sourceTree = "<group>"; };
		51F222BE13DA4CDE00D2A834 /* EventAttending.m */ = {isa = PBXFileReference; fileEncoding = 4; lastKnownFileType = sourcecode.c.objc; name = EventAttending.m; path = ../EventAttending.m; sourceTree = "<group>"; };
		51F3B4A613D41384008ACF04 /* MainViewController.h */ = {isa = PBXFileReference; fileEncoding = 4; lastKnownFileType = sourcecode.c.h; path = MainViewController.h; sourceTree = "<group>"; };
		51F3B4A713D41384008ACF04 /* MainViewController.m */ = {isa = PBXFileReference; fileEncoding = 4; lastKnownFileType = sourcecode.c.objc; path = MainViewController.m; sourceTree = "<group>"; };
		51F3B4A813D41384008ACF04 /* MainViewController.xib */ = {isa = PBXFileReference; fileEncoding = 4; lastKnownFileType = file.xib; path = MainViewController.xib; sourceTree = "<group>"; };
		51F9BB4013D2623A0017731B /* TrueRSVPViewController.h */ = {isa = PBXFileReference; fileEncoding = 4; lastKnownFileType = sourcecode.c.h; path = TrueRSVPViewController.h; sourceTree = "<group>"; };
		51F9BB4113D2623A0017731B /* TrueRSVPViewController.m */ = {isa = PBXFileReference; fileEncoding = 4; lastKnownFileType = sourcecode.c.objc; path = TrueRSVPViewController.m; sourceTree = "<group>"; };
		51F9BB4213D2623A0017731B /* TrueRSVPViewController.xib */ = {isa = PBXFileReference; fileEncoding = 4; lastKnownFileType = file.xib; path = TrueRSVPViewController.xib; sourceTree = "<group>"; };
		51F9BB4913D26C830017731B /* Facebook.h */ = {isa = PBXFileReference; fileEncoding = 4; lastKnownFileType = sourcecode.c.h; path = Facebook.h; sourceTree = "<group>"; };
		51F9BB4A13D26C830017731B /* Facebook.m */ = {isa = PBXFileReference; fileEncoding = 4; lastKnownFileType = sourcecode.c.objc; path = Facebook.m; sourceTree = "<group>"; };
		51F9BB4B13D26C830017731B /* facebook_ios_sdk_Prefix.pch */ = {isa = PBXFileReference; fileEncoding = 4; lastKnownFileType = sourcecode.c.h; path = facebook_ios_sdk_Prefix.pch; sourceTree = "<group>"; };
		51F9BB4C13D26C830017731B /* FBConnect.h */ = {isa = PBXFileReference; fileEncoding = 4; lastKnownFileType = sourcecode.c.h; path = FBConnect.h; sourceTree = "<group>"; };
		51F9BB4D13D26C830017731B /* FBDialog.bundle */ = {isa = PBXFileReference; lastKnownFileType = "wrapper.plug-in"; path = FBDialog.bundle; sourceTree = "<group>"; };
		51F9BB4E13D26C830017731B /* FBDialog.h */ = {isa = PBXFileReference; fileEncoding = 4; lastKnownFileType = sourcecode.c.h; path = FBDialog.h; sourceTree = "<group>"; };
		51F9BB4F13D26C830017731B /* FBDialog.m */ = {isa = PBXFileReference; fileEncoding = 4; lastKnownFileType = sourcecode.c.objc; path = FBDialog.m; sourceTree = "<group>"; };
		51F9BB5013D26C830017731B /* FBLoginDialog.h */ = {isa = PBXFileReference; fileEncoding = 4; lastKnownFileType = sourcecode.c.h; path = FBLoginDialog.h; sourceTree = "<group>"; };
		51F9BB5113D26C830017731B /* FBLoginDialog.m */ = {isa = PBXFileReference; fileEncoding = 4; lastKnownFileType = sourcecode.c.objc; path = FBLoginDialog.m; sourceTree = "<group>"; };
		51F9BB5213D26C830017731B /* FBRequest.h */ = {isa = PBXFileReference; fileEncoding = 4; lastKnownFileType = sourcecode.c.h; path = FBRequest.h; sourceTree = "<group>"; };
		51F9BB5313D26C830017731B /* FBRequest.m */ = {isa = PBXFileReference; fileEncoding = 4; lastKnownFileType = sourcecode.c.objc; path = FBRequest.m; sourceTree = "<group>"; };
		51F9BB5513D26C830017731B /* JSON.h */ = {isa = PBXFileReference; fileEncoding = 4; lastKnownFileType = sourcecode.c.h; path = JSON.h; sourceTree = "<group>"; };
		51F9BB5613D26C830017731B /* NSObject+SBJSON.h */ = {isa = PBXFileReference; fileEncoding = 4; lastKnownFileType = sourcecode.c.h; path = "NSObject+SBJSON.h"; sourceTree = "<group>"; };
		51F9BB5713D26C830017731B /* NSObject+SBJSON.m */ = {isa = PBXFileReference; fileEncoding = 4; lastKnownFileType = sourcecode.c.objc; path = "NSObject+SBJSON.m"; sourceTree = "<group>"; };
		51F9BB5813D26C830017731B /* NSString+SBJSON.h */ = {isa = PBXFileReference; fileEncoding = 4; lastKnownFileType = sourcecode.c.h; path = "NSString+SBJSON.h"; sourceTree = "<group>"; };
		51F9BB5913D26C830017731B /* NSString+SBJSON.m */ = {isa = PBXFileReference; fileEncoding = 4; lastKnownFileType = sourcecode.c.objc; path = "NSString+SBJSON.m"; sourceTree = "<group>"; };
		51F9BB5A13D26C830017731B /* SBJSON.h */ = {isa = PBXFileReference; fileEncoding = 4; lastKnownFileType = sourcecode.c.h; path = SBJSON.h; sourceTree = "<group>"; };
		51F9BB5B13D26C830017731B /* SBJSON.m */ = {isa = PBXFileReference; fileEncoding = 4; lastKnownFileType = sourcecode.c.objc; path = SBJSON.m; sourceTree = "<group>"; };
		51F9BB5C13D26C830017731B /* SBJsonBase.h */ = {isa = PBXFileReference; fileEncoding = 4; lastKnownFileType = sourcecode.c.h; path = SBJsonBase.h; sourceTree = "<group>"; };
		51F9BB5D13D26C830017731B /* SBJsonBase.m */ = {isa = PBXFileReference; fileEncoding = 4; lastKnownFileType = sourcecode.c.objc; path = SBJsonBase.m; sourceTree = "<group>"; };
		51F9BB5E13D26C830017731B /* SBJsonParser.h */ = {isa = PBXFileReference; fileEncoding = 4; lastKnownFileType = sourcecode.c.h; path = SBJsonParser.h; sourceTree = "<group>"; };
		51F9BB5F13D26C830017731B /* SBJsonParser.m */ = {isa = PBXFileReference; fileEncoding = 4; lastKnownFileType = sourcecode.c.objc; path = SBJsonParser.m; sourceTree = "<group>"; };
		51F9BB6013D26C830017731B /* SBJsonWriter.h */ = {isa = PBXFileReference; fileEncoding = 4; lastKnownFileType = sourcecode.c.h; path = SBJsonWriter.h; sourceTree = "<group>"; };
		51F9BB6113D26C830017731B /* SBJsonWriter.m */ = {isa = PBXFileReference; fileEncoding = 4; lastKnownFileType = sourcecode.c.objc; path = SBJsonWriter.m; sourceTree = "<group>"; };
		51F9BB7413D2AAB70017731B /* ProfileViewController.h */ = {isa = PBXFileReference; fileEncoding = 4; lastKnownFileType = sourcecode.c.h; path = ProfileViewController.h; sourceTree = "<group>"; };
		51F9BB7513D2AAB70017731B /* ProfileViewController.m */ = {isa = PBXFileReference; fileEncoding = 4; lastKnownFileType = sourcecode.c.objc; path = ProfileViewController.m; sourceTree = "<group>"; };
		51F9BB7613D2AAB70017731B /* ProfileViewController.xib */ = {isa = PBXFileReference; fileEncoding = 4; lastKnownFileType = file.xib; path = ProfileViewController.xib; sourceTree = "<group>"; };
/* End PBXFileReference section */

/* Begin PBXFrameworksBuildPhase section */
		518E2D6F13D24FA60080E068 /* Frameworks */ = {
			isa = PBXFrameworksBuildPhase;
			buildActionMask = 2147483647;
			files = (
				512163EA13DC1FC500B5989E /* MessageUI.framework in Frameworks */,
				517AAA4D13DAE42E00733342 /* CoreLocation.framework in Frameworks */,
				517AAA3613DACFE000733342 /* MapKit.framework in Frameworks */,
				51D84D4D13D8F411008A705B /* libz.1.2.3.dylib in Frameworks */,
				511F360B13D5869A00F7E748 /* QuartzCore.framework in Frameworks */,
				5194223213D39657008B5418 /* MobileCoreServices.framework in Frameworks */,
				5194223013D3964E008B5418 /* SystemConfiguration.framework in Frameworks */,
				5194222E13D39644008B5418 /* CFNetwork.framework in Frameworks */,
				518E2D7713D24FA60080E068 /* UIKit.framework in Frameworks */,
				518E2D7913D24FA60080E068 /* Foundation.framework in Frameworks */,
				518E2D7B13D24FA60080E068 /* CoreGraphics.framework in Frameworks */,
			);
			runOnlyForDeploymentPostprocessing = 0;
		};
/* End PBXFrameworksBuildPhase section */

/* Begin PBXGroup section */
		511F35EC13D5685900F7E748 /* Tab Bar */ = {
			isa = PBXGroup;
			children = (
				511F35ED13D5686300F7E748 /* attending_selected.png */,
				511F35EE13D5686300F7E748 /* attending_selected@2x.png */,
				511F35EF13D5686300F7E748 /* attending.png */,
				511F35F013D5686300F7E748 /* attending@2x.png */,
				511F35F113D5686300F7E748 /* hosting_selected.png */,
				511F35F213D5686300F7E748 /* hosting_selected@2x.png */,
				511F35F313D5686300F7E748 /* hosting.png */,
				511F35F413D5686300F7E748 /* hosting@2x.png */,
				511F35F513D5686300F7E748 /* profile_selected.png */,
				511F35F613D5686300F7E748 /* profile_selected@2x.png */,
				511F35F713D5686300F7E748 /* profile.png */,
				511F35F813D5686300F7E748 /* profile@2x.png */,
			);
			name = "Tab Bar";
			sourceTree = "<group>";
		};
		517AAA3713DADAE100733342 /* EventsAttending */ = {
			isa = PBXGroup;
			children = (
				5151F61913DABCB100D6D9FF /* Attending_1px.png */,
				5151F61A13DABCB100D6D9FF /* Attending_1px@2x.png */,
				514F875D13DCE11000EBAF83 /* AttendingDetail_1px.png */,
				514F875E13DCE11000EBAF83 /* AttendingDetail_1px@2x.png */,
				517AAA4A13DADB6800733342 /* EventsAttending_Checkin.png */,
				517AAA3813DADAF700733342 /* EventsAttending_Checkin@2x.png */,
				517AAA3913DADAF700733342 /* EventsAttending_Contact.png */,
				517AAA3A13DADAF700733342 /* EventsAttending_Contact@2x.png */,
				517AAA3B13DADAF700733342 /* EventsAttending_Directions.png */,
				517AAA3C13DADAF700733342 /* EventsAttending_Directions@2x.png */,
				517AAA3D13DADAF700733342 /* EventsAttending_Live.png */,
				517AAA3E13DADAF700733342 /* EventsAttending_Live@2x.png */,
				517AAA3F13DADAF700733342 /* EventsAttending_RSVP.png */,
				517AAA4013DADAF700733342 /* EventsAttending_RSVP@2x.png */,
			);
			name = EventsAttending;
			sourceTree = "<group>";
		};
		518E2D6713D24FA60080E068 = {
			isa = PBXGroup;
			children = (
				512163E913DC1FC500B5989E /* MessageUI.framework */,
				517AAA4C13DAE42D00733342 /* CoreLocation.framework */,
				517AAA3513DACFE000733342 /* MapKit.framework */,
				518E2D7C13D24FA60080E068 /* TrueRSVP */,
				518E2D7513D24FA60080E068 /* Frameworks */,
				518E2D7313D24FA60080E068 /* Products */,
			);
			sourceTree = "<group>";
		};
		518E2D7313D24FA60080E068 /* Products */ = {
			isa = PBXGroup;
			children = (
				518E2D7213D24FA60080E068 /* TrueRSVP.app */,
			);
			name = Products;
			sourceTree = "<group>";
		};
		518E2D7513D24FA60080E068 /* Frameworks */ = {
			isa = PBXGroup;
			children = (
				51D84D4C13D8F411008A705B /* libz.1.2.3.dylib */,
				511F360A13D5869A00F7E748 /* QuartzCore.framework */,
				5194223113D39657008B5418 /* MobileCoreServices.framework */,
				5194222F13D3964E008B5418 /* SystemConfiguration.framework */,
				5194222D13D39644008B5418 /* CFNetwork.framework */,
				518E2D7613D24FA60080E068 /* UIKit.framework */,
				518E2D7813D24FA60080E068 /* Foundation.framework */,
				518E2D7A13D24FA60080E068 /* CoreGraphics.framework */,
			);
			name = Frameworks;
			sourceTree = "<group>";
		};
		518E2D7C13D24FA60080E068 /* TrueRSVP */ = {
			isa = PBXGroup;
			children = (
				519C557613DA05A200EE8E9A /* Models */,
				519C557513DA058A00EE8E9A /* Addons */,
				518E2D9613D2527D0080E068 /* Resources */,
				511F360C13D58B0C00F7E748 /* Constants.h */,
				511F360D13D58B0D00F7E748 /* Constants.m */,
				51D84D4E13D90C42008A705B /* AttendingViewController.h */,
				51D84D4F13D90C43008A705B /* AttendingViewController.m */,
				51D84D5013D90C43008A705B /* AttendingViewController.xib */,
				517AAA3013DACF9D00733342 /* AttendingDetailViewController.h */,
				517AAA3113DACF9D00733342 /* AttendingDetailViewController.m */,
				517AAA3213DACF9D00733342 /* AttendingDetailViewController.xib */,
				512163EB13DC342100B5989E /* AttendingDetailViewController_Landscape.xib */,
				51D3F84D13DD5C7A00EBC93D /* EventAnnotation.h */,
				51D3F84E13DD5C7A00EBC93D /* EventAnnotation.m */,
				51F3B4A613D41384008ACF04 /* MainViewController.h */,
				51F3B4A713D41384008ACF04 /* MainViewController.m */,
				51F3B4A813D41384008ACF04 /* MainViewController.xib */,
				51F9BB7413D2AAB70017731B /* ProfileViewController.h */,
				51F9BB7513D2AAB70017731B /* ProfileViewController.m */,
				51F9BB7613D2AAB70017731B /* ProfileViewController.xib */,
				519C557713DA09C200EE8E9A /* ProfileViewController_Landscape.xib */,
				5173571B13D8117D00204AAF /* SettingsManager.h */,
				5173571C13D8117D00204AAF /* SettingsManager.m */,
				518E2D8B13D24FA60080E068 /* SignInViewController.h */,
				518E2D8C13D24FA60080E068 /* SignInViewController.m */,
				518E2D8E13D24FA70080E068 /* SignInViewController.xib */,
				512163E313DC0CAF00B5989E /* TestViewcontroller.h */,
				512163E413DC0CAF00B5989E /* TestViewcontroller.m */,
				512163E513DC0CAF00B5989E /* TestViewcontroller.xib */,
				51F9BB4013D2623A0017731B /* TrueRSVPViewController.h */,
				51F9BB4113D2623A0017731B /* TrueRSVPViewController.m */,
				51F9BB4213D2623A0017731B /* TrueRSVPViewController.xib */,
				518E2D8513D24FA60080E068 /* TrueRSVPAppDelegate.h */,
				518E2D8613D24FA60080E068 /* TrueRSVPAppDelegate.m */,
				518E2D8813D24FA60080E068 /* MainWindow.xib */,
				518E2D7D13D24FA60080E068 /* Supporting Files */,
			);
			path = TrueRSVP;
			sourceTree = "<group>";
		};
		518E2D7D13D24FA60080E068 /* Supporting Files */ = {
			isa = PBXGroup;
			children = (
				518E2D7E13D24FA60080E068 /* TrueRSVP-Info.plist */,
				518E2D7F13D24FA60080E068 /* InfoPlist.strings */,
				518E2D8213D24FA60080E068 /* TrueRSVP-Prefix.pch */,
				518E2D8313D24FA60080E068 /* main.m */,
			);
			name = "Supporting Files";
			sourceTree = "<group>";
		};
		518E2D9613D2527D0080E068 /* Resources */ = {
			isa = PBXGroup;
			children = (
				517AAA3713DADAE100733342 /* EventsAttending */,
				519C557413DA055F00EE8E9A /* Profile */,
				519C557313DA050C00EE8E9A /* SignIn */,
				511F35EC13D5685900F7E748 /* Tab Bar */,
			);
			name = Resources;
			sourceTree = "<group>";
		};
		5194221013D3961A008B5418 /* ASIHTTPRequest */ = {
			isa = PBXGroup;
			children = (
				5194226113D39A89008B5418 /* Reachability.h */,
				5194226213D39A89008B5418 /* Reachability.m */,
				5194221113D39626008B5418 /* ASIAuthenticationDialog.h */,
				5194221213D39626008B5418 /* ASICacheDelegate.h */,
				5194221313D39626008B5418 /* ASIDataCompressor.h */,
				5194221413D39626008B5418 /* ASIDataDecompressor.h */,
				5194221513D39626008B5418 /* ASIDownloadCache.h */,
				5194221613D39626008B5418 /* ASIFormDataRequest.h */,
				5194221713D39626008B5418 /* ASIHTTPRequest.h */,
				5194221813D39626008B5418 /* ASIHTTPRequestConfig.h */,
				5194221913D39626008B5418 /* ASIHTTPRequestDelegate.h */,
				5194221A13D39626008B5418 /* ASIInputStream.h */,
				5194221B13D39626008B5418 /* ASINetworkQueue.h */,
				5194221C13D39626008B5418 /* ASIProgressDelegate.h */,
				5194221D13D3962B008B5418 /* ASIAuthenticationDialog.m */,
				5194221E13D3962B008B5418 /* ASIDataCompressor.m */,
				5194221F13D3962B008B5418 /* ASIDataDecompressor.m */,
				5194222013D3962B008B5418 /* ASIDownloadCache.m */,
				5194222113D3962B008B5418 /* ASIFormDataRequest.m */,
				5194222213D3962B008B5418 /* ASIHTTPRequest.m */,
				5194222313D3962B008B5418 /* ASIInputStream.m */,
				5194222413D3962B008B5418 /* ASINetworkQueue.m */,
			);
			name = ASIHTTPRequest;
			sourceTree = "<group>";
		};
		5194223B13D396FC008B5418 /* TouchJSON */ = {
			isa = PBXGroup;
			children = (
				5194223F13D3972E008B5418 /* CDataScanner.h */,
				5194224013D3972E008B5418 /* Experimental */,
				5194224913D3972E008B5418 /* Extensions */,
				5194224E13D3972E008B5418 /* JSON */,
				5194225613D3972E008B5418 /* CDataScanner.m */,
			);
			name = TouchJSON;
			sourceTree = "<group>";
		};
		5194224013D3972E008B5418 /* Experimental */ = {
			isa = PBXGroup;
			children = (
				5194224113D3972E008B5418 /* CFilteringJSONSerializer.h */,
				5194224213D3972E008B5418 /* CFilteringJSONSerializer.m */,
				5194224313D3972E008B5418 /* CJSONDeserializer_BlocksExtensions.h */,
				5194224413D3972E008B5418 /* CJSONDeserializer_BlocksExtensions.m */,
				5194224513D3972E008B5418 /* CJSONSerialization.h */,
				5194224613D3972E008B5418 /* CJSONSerialization.m */,
				5194224713D3972E008B5418 /* CJSONSerializedData.h */,
				5194224813D3972E008B5418 /* CJSONSerializedData.m */,
			);
			path = Experimental;
			sourceTree = "<group>";
		};
		5194224913D3972E008B5418 /* Extensions */ = {
			isa = PBXGroup;
			children = (
				5194224A13D3972E008B5418 /* CDataScanner_Extensions.h */,
				5194224B13D3972E008B5418 /* CDataScanner_Extensions.m */,
				5194224C13D3972E008B5418 /* NSDictionary_JSONExtensions.h */,
				5194224D13D3972E008B5418 /* NSDictionary_JSONExtensions.m */,
			);
			path = Extensions;
			sourceTree = "<group>";
		};
		5194224E13D3972E008B5418 /* JSON */ = {
			isa = PBXGroup;
			children = (
				5194224F13D3972E008B5418 /* CJSONDeserializer.h */,
				5194225013D3972E008B5418 /* CJSONDeserializer.m */,
				5194225113D3972E008B5418 /* CJSONScanner.h */,
				5194225213D3972E008B5418 /* CJSONScanner.m */,
				5194225313D3972E008B5418 /* CJSONSerializer.h */,
				5194225413D3972E008B5418 /* CJSONSerializer.m */,
				5194225513D3972E008B5418 /* JSONRepresentation.h */,
			);
			path = JSON;
			sourceTree = "<group>";
		};
		519C557313DA050C00EE8E9A /* SignIn */ = {
			isa = PBXGroup;
			children = (
				518E2DAB13D259EB0080E068 /* SignIn_Button.png */,
				518E2DAC13D259EB0080E068 /* SignIn_Button@2x.png */,
				518E2DC213D25FC10080E068 /* SignIn_Facebook.png */,
				518E2DBF13D25EC80080E068 /* SignIn_Facebook@2x.png */,
				51E7AC4213D7B33800174805 /* Signin_Background.png */,
				51E7AC3F13D7B30700174805 /* SignIn_Background@2x.png */,
			);
			name = SignIn;
			sourceTree = "<group>";
		};
		519C557413DA055F00EE8E9A /* Profile */ = {
			isa = PBXGroup;
			children = (
				5173571213D7FAD100204AAF /* Profile_aboutTextView.png */,
				5173571313D7FAD100204AAF /* Profile_aboutTextView@2x.png */,
				5173571713D7FF5200204AAF /* Profile_Update.png */,
				5173571813D7FF5200204AAF /* Profile_Update@2x.png */,
				5173571E13D81CAA00204AAF /* Profile_X.png */,
				5173571F13D81CAA00204AAF /* Profile_X@2x.png */,
			);
			name = Profile;
			sourceTree = "<group>";
		};
		519C557513DA058A00EE8E9A /* Addons */ = {
			isa = PBXGroup;
			children = (
				5194223B13D396FC008B5418 /* TouchJSON */,
				5194221013D3961A008B5418 /* ASIHTTPRequest */,
				51F9BB4513D26C820017731B /* Facebook */,
			);
			name = Addons;
			sourceTree = "<group>";
		};
		519C557613DA05A200EE8E9A /* Models */ = {
			isa = PBXGroup;
			children = (
				511F361713D592AC00F7E748 /* SynthesizeSingleton.h */,
				519C556F13DA04F900EE8E9A /* Attendance.h */,
				519C557013DA04F900EE8E9A /* Attendance.m */,
				51F222BD13DA4CDE00D2A834 /* EventAttending.h */,
				51F222BE13DA4CDE00D2A834 /* EventAttending.m */,
				511F360513D5801600F7E748 /* User.h */,
				511F360613D5801700F7E748 /* User.m */,
			);
			name = Models;
			sourceTree = "<group>";
		};
		51F9BB4513D26C820017731B /* Facebook */ = {
			isa = PBXGroup;
			children = (
				51F9BB4913D26C830017731B /* Facebook.h */,
				51F9BB4A13D26C830017731B /* Facebook.m */,
				51F9BB4B13D26C830017731B /* facebook_ios_sdk_Prefix.pch */,
				51F9BB4C13D26C830017731B /* FBConnect.h */,
				51F9BB4D13D26C830017731B /* FBDialog.bundle */,
				51F9BB4E13D26C830017731B /* FBDialog.h */,
				51F9BB4F13D26C830017731B /* FBDialog.m */,
				51F9BB5013D26C830017731B /* FBLoginDialog.h */,
				51F9BB5113D26C830017731B /* FBLoginDialog.m */,
				51F9BB5213D26C830017731B /* FBRequest.h */,
				51F9BB5313D26C830017731B /* FBRequest.m */,
				51F9BB5413D26C830017731B /* JSON */,
			);
			name = Facebook;
			path = src;
			sourceTree = "<group>";
		};
		51F9BB5413D26C830017731B /* JSON */ = {
			isa = PBXGroup;
			children = (
				51F9BB5513D26C830017731B /* JSON.h */,
				51F9BB5613D26C830017731B /* NSObject+SBJSON.h */,
				51F9BB5713D26C830017731B /* NSObject+SBJSON.m */,
				51F9BB5813D26C830017731B /* NSString+SBJSON.h */,
				51F9BB5913D26C830017731B /* NSString+SBJSON.m */,
				51F9BB5A13D26C830017731B /* SBJSON.h */,
				51F9BB5B13D26C830017731B /* SBJSON.m */,
				51F9BB5C13D26C830017731B /* SBJsonBase.h */,
				51F9BB5D13D26C830017731B /* SBJsonBase.m */,
				51F9BB5E13D26C830017731B /* SBJsonParser.h */,
				51F9BB5F13D26C830017731B /* SBJsonParser.m */,
				51F9BB6013D26C830017731B /* SBJsonWriter.h */,
				51F9BB6113D26C830017731B /* SBJsonWriter.m */,
			);
			path = JSON;
			sourceTree = "<group>";
		};
/* End PBXGroup section */

/* Begin PBXNativeTarget section */
		518E2D7113D24FA60080E068 /* TrueRSVP */ = {
			isa = PBXNativeTarget;
			buildConfigurationList = 518E2D9313D24FA70080E068 /* Build configuration list for PBXNativeTarget "TrueRSVP" */;
			buildPhases = (
				518E2D6E13D24FA60080E068 /* Sources */,
				518E2D6F13D24FA60080E068 /* Frameworks */,
				518E2D7013D24FA60080E068 /* Resources */,
			);
			buildRules = (
			);
			dependencies = (
			);
			name = TrueRSVP;
			productName = TrueRSVP;
			productReference = 518E2D7213D24FA60080E068 /* TrueRSVP.app */;
			productType = "com.apple.product-type.application";
		};
/* End PBXNativeTarget section */

/* Begin PBXProject section */
		518E2D6913D24FA60080E068 /* Project object */ = {
			isa = PBXProject;
			attributes = {
				ORGANIZATIONNAME = Komocode;
			};
			buildConfigurationList = 518E2D6C13D24FA60080E068 /* Build configuration list for PBXProject "TrueRSVP" */;
			compatibilityVersion = "Xcode 3.2";
			developmentRegion = English;
			hasScannedForEncodings = 0;
			knownRegions = (
				en,
			);
			mainGroup = 518E2D6713D24FA60080E068;
			productRefGroup = 518E2D7313D24FA60080E068 /* Products */;
			projectDirPath = "";
			projectRoot = "";
			targets = (
				518E2D7113D24FA60080E068 /* TrueRSVP */,
			);
		};
/* End PBXProject section */

/* Begin PBXResourcesBuildPhase section */
		518E2D7013D24FA60080E068 /* Resources */ = {
			isa = PBXResourcesBuildPhase;
			buildActionMask = 2147483647;
			files = (
				518E2D8113D24FA60080E068 /* InfoPlist.strings in Resources */,
				518E2D8A13D24FA60080E068 /* MainWindow.xib in Resources */,
				518E2D9013D24FA70080E068 /* SignInViewController.xib in Resources */,
				518E2DAD13D259EB0080E068 /* SignIn_Button.png in Resources */,
				518E2DAE13D259EB0080E068 /* SignIn_Button@2x.png in Resources */,
				518E2DC113D25EC80080E068 /* SignIn_Facebook@2x.png in Resources */,
				518E2DC313D25FC10080E068 /* SignIn_Facebook.png in Resources */,
				51F9BB4413D2623A0017731B /* TrueRSVPViewController.xib in Resources */,
				51F9BB6613D26C830017731B /* FBDialog.bundle in Resources */,
				51F9BB7813D2AAB70017731B /* ProfileViewController.xib in Resources */,
				51F3B4AA13D41384008ACF04 /* MainViewController.xib in Resources */,
				511F35F913D5686300F7E748 /* attending_selected.png in Resources */,
				511F35FA13D5686300F7E748 /* attending_selected@2x.png in Resources */,
				511F35FB13D5686300F7E748 /* attending.png in Resources */,
				511F35FC13D5686300F7E748 /* attending@2x.png in Resources */,
				511F35FD13D5686300F7E748 /* hosting_selected.png in Resources */,
				511F35FE13D5686300F7E748 /* hosting_selected@2x.png in Resources */,
				511F35FF13D5686300F7E748 /* hosting.png in Resources */,
				511F360013D5686300F7E748 /* hosting@2x.png in Resources */,
				511F360113D5686300F7E748 /* profile_selected.png in Resources */,
				511F360213D5686300F7E748 /* profile_selected@2x.png in Resources */,
				511F360313D5686300F7E748 /* profile.png in Resources */,
				511F360413D5686300F7E748 /* profile@2x.png in Resources */,
				51E7AC4113D7B30700174805 /* SignIn_Background@2x.png in Resources */,
				51E7AC4313D7B33800174805 /* Signin_Background.png in Resources */,
				5173571413D7FAD100204AAF /* Profile_aboutTextView.png in Resources */,
				5173571513D7FAD100204AAF /* Profile_aboutTextView@2x.png in Resources */,
				5173571913D7FF5200204AAF /* Profile_Update.png in Resources */,
				5173571A13D7FF5200204AAF /* Profile_Update@2x.png in Resources */,
				5173572013D81CAA00204AAF /* Profile_X.png in Resources */,
				5173572113D81CAA00204AAF /* Profile_X@2x.png in Resources */,
				51D84D5213D90C43008A705B /* AttendingViewController.xib in Resources */,
				519C557813DA09C200EE8E9A /* ProfileViewController_Landscape.xib in Resources */,
				5151F61B13DABCB100D6D9FF /* Attending_1px.png in Resources */,
				5151F61C13DABCB100D6D9FF /* Attending_1px@2x.png in Resources */,
				517AAA3413DACF9D00733342 /* AttendingDetailViewController.xib in Resources */,
				517AAA4113DADAF700733342 /* EventsAttending_Checkin@2x.png in Resources */,
				517AAA4213DADAF700733342 /* EventsAttending_Contact.png in Resources */,
				517AAA4313DADAF700733342 /* EventsAttending_Contact@2x.png in Resources */,
				517AAA4413DADAF700733342 /* EventsAttending_Directions.png in Resources */,
				517AAA4513DADAF700733342 /* EventsAttending_Directions@2x.png in Resources */,
				517AAA4613DADAF700733342 /* EventsAttending_Live.png in Resources */,
				517AAA4713DADAF700733342 /* EventsAttending_Live@2x.png in Resources */,
				517AAA4813DADAF700733342 /* EventsAttending_RSVP.png in Resources */,
				517AAA4913DADAF700733342 /* EventsAttending_RSVP@2x.png in Resources */,
				517AAA4B13DADB6800733342 /* EventsAttending_Checkin.png in Resources */,
				512163E713DC0CB000B5989E /* TestViewcontroller.xib in Resources */,
				512163EC13DC342100B5989E /* AttendingDetailViewController_Landscape.xib in Resources */,
				514F875F13DCE11000EBAF83 /* AttendingDetail_1px.png in Resources */,
				514F876013DCE11000EBAF83 /* AttendingDetail_1px@2x.png in Resources */,
			);
			runOnlyForDeploymentPostprocessing = 0;
		};
/* End PBXResourcesBuildPhase section */

/* Begin PBXSourcesBuildPhase section */
		518E2D6E13D24FA60080E068 /* Sources */ = {
			isa = PBXSourcesBuildPhase;
			buildActionMask = 2147483647;
			files = (
				518E2D8413D24FA60080E068 /* main.m in Sources */,
				518E2D8713D24FA60080E068 /* TrueRSVPAppDelegate.m in Sources */,
				518E2D8D13D24FA60080E068 /* SignInViewController.m in Sources */,
				51F9BB4313D2623A0017731B /* TrueRSVPViewController.m in Sources */,
				51F9BB6513D26C830017731B /* Facebook.m in Sources */,
				51F9BB6713D26C830017731B /* FBDialog.m in Sources */,
				51F9BB6813D26C830017731B /* FBLoginDialog.m in Sources */,
				51F9BB6913D26C830017731B /* FBRequest.m in Sources */,
				51F9BB6A13D26C830017731B /* NSObject+SBJSON.m in Sources */,
				51F9BB6B13D26C830017731B /* NSString+SBJSON.m in Sources */,
				51F9BB6C13D26C830017731B /* SBJSON.m in Sources */,
				51F9BB6D13D26C830017731B /* SBJsonBase.m in Sources */,
				51F9BB6E13D26C830017731B /* SBJsonParser.m in Sources */,
				51F9BB6F13D26C830017731B /* SBJsonWriter.m in Sources */,
				51F9BB7713D2AAB70017731B /* ProfileViewController.m in Sources */,
				5194222513D3962B008B5418 /* ASIAuthenticationDialog.m in Sources */,
				5194222613D3962B008B5418 /* ASIDataCompressor.m in Sources */,
				5194222713D3962B008B5418 /* ASIDataDecompressor.m in Sources */,
				5194222813D3962B008B5418 /* ASIDownloadCache.m in Sources */,
				5194222913D3962B008B5418 /* ASIFormDataRequest.m in Sources */,
				5194222A13D3962B008B5418 /* ASIHTTPRequest.m in Sources */,
				5194222B13D3962B008B5418 /* ASIInputStream.m in Sources */,
				5194222C13D3962B008B5418 /* ASINetworkQueue.m in Sources */,
				5194225713D3972E008B5418 /* CFilteringJSONSerializer.m in Sources */,
				5194225813D3972E008B5418 /* CJSONDeserializer_BlocksExtensions.m in Sources */,
				5194225913D3972E008B5418 /* CJSONSerialization.m in Sources */,
				5194225A13D3972E008B5418 /* CJSONSerializedData.m in Sources */,
				5194225B13D3972E008B5418 /* CDataScanner_Extensions.m in Sources */,
				5194225C13D3972E008B5418 /* NSDictionary_JSONExtensions.m in Sources */,
				5194225D13D3972E008B5418 /* CJSONDeserializer.m in Sources */,
				5194225E13D3972E008B5418 /* CJSONScanner.m in Sources */,
				5194225F13D3972E008B5418 /* CJSONSerializer.m in Sources */,
				5194226013D3972E008B5418 /* CDataScanner.m in Sources */,
				5194226313D39A89008B5418 /* Reachability.m in Sources */,
				51F3B4A913D41384008ACF04 /* MainViewController.m in Sources */,
				511F360713D5801700F7E748 /* User.m in Sources */,
				511F360E13D58B0D00F7E748 /* Constants.m in Sources */,
				5173571D13D8117D00204AAF /* SettingsManager.m in Sources */,
				51D84D5113D90C43008A705B /* AttendingViewController.m in Sources */,
				519C557113DA04F900EE8E9A /* Attendance.m in Sources */,
				51F222BF13DA4CDE00D2A834 /* EventAttending.m in Sources */,
				517AAA3313DACF9D00733342 /* AttendingDetailViewController.m in Sources */,
				512163E613DC0CB000B5989E /* TestViewcontroller.m in Sources */,
				51D3F84F13DD5C7A00EBC93D /* EventAnnotation.m in Sources */,
			);
			runOnlyForDeploymentPostprocessing = 0;
		};
/* End PBXSourcesBuildPhase section */

/* Begin PBXVariantGroup section */
		518E2D7F13D24FA60080E068 /* InfoPlist.strings */ = {
			isa = PBXVariantGroup;
			children = (
				518E2D8013D24FA60080E068 /* en */,
			);
			name = InfoPlist.strings;
			sourceTree = "<group>";
		};
		518E2D8813D24FA60080E068 /* MainWindow.xib */ = {
			isa = PBXVariantGroup;
			children = (
				518E2D8913D24FA60080E068 /* en */,
			);
			name = MainWindow.xib;
			sourceTree = "<group>";
		};
		518E2D8E13D24FA70080E068 /* SignInViewController.xib */ = {
			isa = PBXVariantGroup;
			children = (
				518E2D8F13D24FA70080E068 /* en */,
			);
			name = SignInViewController.xib;
			sourceTree = "<group>";
		};
/* End PBXVariantGroup section */

/* Begin XCBuildConfiguration section */
		518E2D9113D24FA70080E068 /* Debug */ = {
			isa = XCBuildConfiguration;
			buildSettings = {
				ARCHS = "$(ARCHS_STANDARD_32_BIT)";
				"CODE_SIGN_IDENTITY[sdk=iphoneos*]" = "iPhone Developer";
				GCC_C_LANGUAGE_STANDARD = gnu99;
				GCC_OPTIMIZATION_LEVEL = 0;
				GCC_PREPROCESSOR_DEFINITIONS = DEBUG;
				GCC_SYMBOLS_PRIVATE_EXTERN = NO;
				GCC_VERSION = com.apple.compilers.llvmgcc42;
				GCC_WARN_ABOUT_RETURN_TYPE = YES;
				GCC_WARN_UNUSED_VARIABLE = YES;
				IPHONEOS_DEPLOYMENT_TARGET = 4.3;
				SDKROOT = iphoneos;
			};
			name = Debug;
		};
		518E2D9213D24FA70080E068 /* Release */ = {
			isa = XCBuildConfiguration;
			buildSettings = {
				ARCHS = "$(ARCHS_STANDARD_32_BIT)";
				"CODE_SIGN_IDENTITY[sdk=iphoneos*]" = "iPhone Developer";
				GCC_C_LANGUAGE_STANDARD = gnu99;
				GCC_VERSION = com.apple.compilers.llvmgcc42;
				GCC_WARN_ABOUT_RETURN_TYPE = YES;
				GCC_WARN_UNUSED_VARIABLE = YES;
				IPHONEOS_DEPLOYMENT_TARGET = 4.3;
				OTHER_CFLAGS = "-DNS_BLOCK_ASSERTIONS=1";
				SDKROOT = iphoneos;
			};
			name = Release;
		};
		518E2D9413D24FA70080E068 /* Debug */ = {
			isa = XCBuildConfiguration;
			buildSettings = {
				ALWAYS_SEARCH_USER_PATHS = NO;
				COPY_PHASE_STRIP = NO;
				GCC_DYNAMIC_NO_PIC = NO;
				GCC_PRECOMPILE_PREFIX_HEADER = YES;
				GCC_PREFIX_HEADER = "TrueRSVP/TrueRSVP-Prefix.pch";
				INFOPLIST_FILE = "TrueRSVP/TrueRSVP-Info.plist";
				IPHONEOS_DEPLOYMENT_TARGET = 4.0;
				PRODUCT_NAME = "$(TARGET_NAME)";
				WRAPPER_EXTENSION = app;
			};
			name = Debug;
		};
		518E2D9513D24FA70080E068 /* Release */ = {
			isa = XCBuildConfiguration;
			buildSettings = {
				ALWAYS_SEARCH_USER_PATHS = NO;
				COPY_PHASE_STRIP = YES;
				GCC_PRECOMPILE_PREFIX_HEADER = YES;
				GCC_PREFIX_HEADER = "TrueRSVP/TrueRSVP-Prefix.pch";
				INFOPLIST_FILE = "TrueRSVP/TrueRSVP-Info.plist";
				IPHONEOS_DEPLOYMENT_TARGET = 4.0;
				PRODUCT_NAME = "$(TARGET_NAME)";
				VALIDATE_PRODUCT = YES;
				WRAPPER_EXTENSION = app;
			};
			name = Release;
		};
/* End XCBuildConfiguration section */

/* Begin XCConfigurationList section */
		518E2D6C13D24FA60080E068 /* Build configuration list for PBXProject "TrueRSVP" */ = {
			isa = XCConfigurationList;
			buildConfigurations = (
				518E2D9113D24FA70080E068 /* Debug */,
				518E2D9213D24FA70080E068 /* Release */,
			);
			defaultConfigurationIsVisible = 0;
			defaultConfigurationName = Release;
		};
		518E2D9313D24FA70080E068 /* Build configuration list for PBXNativeTarget "TrueRSVP" */ = {
			isa = XCConfigurationList;
			buildConfigurations = (
				518E2D9413D24FA70080E068 /* Debug */,
				518E2D9513D24FA70080E068 /* Release */,
			);
			defaultConfigurationIsVisible = 0;
			defaultConfigurationName = Release;
		};
/* End XCConfigurationList section */
	};
	rootObject = 518E2D6913D24FA60080E068 /* Project object */;
}
